
Microsoft Visual Studio Solution File, Format Version 12.00
# Visual Studio Version 17
VisualStudioVersion = 17.11.35219.272
MinimumVisualStudioVersion = 10.0.40219.1
Project("{FAE04EC0-301F-11D3-BF4B-00C04F79EFBC}") = "MyMovieFinder", "MyMovieFinder\MyMovieFinder.csproj", "{23C8EDFD-DBBC-4DCD-B628-8585C4148698}"
EndProject
Global
	GlobalSection(SolutionConfigurationPlatforms) = preSolution
		Debug|Any CPU = Debug|Any CPU
		Release|Any CPU = Release|Any CPU
	EndGlobalSection
	GlobalSection(ProjectConfigurationPlatforms) = postSolution
		{23C8EDFD-DBBC-4DCD-B628-8585C4148698}.Debug|Any CPU.ActiveCfg = Debug|Any CPU
		{23C8EDFD-DBBC-4DCD-B628-8585C4148698}.Debug|Any CPU.Build.0 = Debug|Any CPU
		{23C8EDFD-DBBC-4DCD-B628-8585C4148698}.Release|Any CPU.ActiveCfg = Release|Any CPU
		{23C8EDFD-DBBC-4DCD-B628-8585C4148698}.Release|Any CPU.Build.0 = Release|Any CPU
	EndGlobalSection
	GlobalSection(SolutionProperties) = preSolution
		HideSolutionNode = FALSE
	EndGlobalSection
	GlobalSection(ExtensibilityGlobals) = postSolution
		SolutionGuid = {38D17E65-2FCE-46AF-A92D-AF4DFE65A305}
	EndGlobalSection
EndGlobal
